// !$*UTF8*$!
{
	archiveVersion = 1;
	classes = {
	};
	objectVersion = 56;
	objects = {

/* Begin PBXBuildFile section */
		F0A8B2422AF4A06200CC9284 /* main.cpp in Sources */ = {isa = PBXBuildFile; fileRef = F0A8B2412AF4A06200CC9284 /* main.cpp */; };
		F0A8B24B2AF4A50500CC9284 /* figure.cpp in Sources */ = {isa = PBXBuildFile; fileRef = F0A8B2492AF4A50500CC9284 /* figure.cpp */; };
		F0A8B24E2AF4A66C00CC9284 /* triangle.cpp in Sources */ = {isa = PBXBuildFile; fileRef = F0A8B24C2AF4A66C00CC9284 /* triangle.cpp */; };
		F0A8B2512AF4A74C00CC9284 /* quadrangl.cpp in Sources */ = {isa = PBXBuildFile; fileRef = F0A8B24F2AF4A74C00CC9284 /* quadrangl.cpp */; };
		F0A8B2542AF4A83400CC9284 /* right_triangle.cpp in Sources */ = {isa = PBXBuildFile; fileRef = F0A8B2522AF4A83400CC9284 /* right_triangle.cpp */; };
		F0A8B2572AF4A88E00CC9284 /* isosceles_triangle.cpp in Sources */ = {isa = PBXBuildFile; fileRef = F0A8B2552AF4A88E00CC9284 /* isosceles_triangle.cpp */; };
		F0A8B25A2AF4A90400CC9284 /* equal_triangle.cpp in Sources */ = {isa = PBXBuildFile; fileRef = F0A8B2582AF4A90400CC9284 /* equal_triangle.cpp */; };
		F0A8B25D2AF7A07300CC9284 /* restangle.cpp in Sources */ = {isa = PBXBuildFile; fileRef = F0A8B25B2AF7A07300CC9284 /* restangle.cpp */; };
		F0A8B2602AF7A19100CC9284 /* square.cpp in Sources */ = {isa = PBXBuildFile; fileRef = F0A8B25E2AF7A19100CC9284 /* square.cpp */; };
		F0A8B2632AF7A22400CC9284 /* parallelogram.cpp in Sources */ = {isa = PBXBuildFile; fileRef = F0A8B2612AF7A22400CC9284 /* parallelogram.cpp */; };
		F0A8B2662AF7A2A300CC9284 /* rhomb.cpp in Sources */ = {isa = PBXBuildFile; fileRef = F0A8B2642AF7A2A300CC9284 /* rhomb.cpp */; };
		F0A8B2692AF7A2F200CC9284 /* wrong_data.cpp in Sources */ = {isa = PBXBuildFile; fileRef = F0A8B2672AF7A2F200CC9284 /* wrong_data.cpp */; };
/* End PBXBuildFile section */

/* Begin PBXCopyFilesBuildPhase section */
		F0A8B23C2AF4A06200CC9284 /* CopyFiles */ = {
			isa = PBXCopyFilesBuildPhase;
			buildActionMask = 2147483647;
			dstPath = /usr/share/man/man1/;
			dstSubfolderSpec = 0;
			files = (
			);
			runOnlyForDeploymentPostprocessing = 1;
		};
/* End PBXCopyFilesBuildPhase section */

/* Begin PBXFileReference section */
		F0A8B23E2AF4A06200CC9284 /* Task-8.2 */ = {isa = PBXFileReference; explicitFileType = "compiled.mach-o.executable"; includeInIndex = 0; path = "Task-8.2"; sourceTree = BUILT_PRODUCTS_DIR; };
		F0A8B2412AF4A06200CC9284 /* main.cpp */ = {isa = PBXFileReference; lastKnownFileType = sourcecode.cpp.cpp; path = main.cpp; sourceTree = "<group>"; };
		F0A8B2492AF4A50500CC9284 /* figure.cpp */ = {isa = PBXFileReference; lastKnownFileType = sourcecode.cpp.cpp; path = figure.cpp; sourceTree = "<group>"; };
		F0A8B24A2AF4A50500CC9284 /* figure.hpp */ = {isa = PBXFileReference; lastKnownFileType = sourcecode.cpp.h; path = figure.hpp; sourceTree = "<group>"; };
		F0A8B24C2AF4A66C00CC9284 /* triangle.cpp */ = {isa = PBXFileReference; lastKnownFileType = sourcecode.cpp.cpp; path = triangle.cpp; sourceTree = "<group>"; };
		F0A8B24D2AF4A66C00CC9284 /* triangle.hpp */ = {isa = PBXFileReference; lastKnownFileType = sourcecode.cpp.h; path = triangle.hpp; sourceTree = "<group>"; };
		F0A8B24F2AF4A74C00CC9284 /* quadrangl.cpp */ = {isa = PBXFileReference; lastKnownFileType = sourcecode.cpp.cpp; path = quadrangl.cpp; sourceTree = "<group>"; };
		F0A8B2502AF4A74C00CC9284 /* quadrangl.hpp */ = {isa = PBXFileReference; lastKnownFileType = sourcecode.cpp.h; path = quadrangl.hpp; sourceTree = "<group>"; };
		F0A8B2522AF4A83400CC9284 /* right_triangle.cpp */ = {isa = PBXFileReference; lastKnownFileType = sourcecode.cpp.cpp; path = right_triangle.cpp; sourceTree = "<group>"; };
		F0A8B2532AF4A83400CC9284 /* right_triangle.hpp */ = {isa = PBXFileReference; lastKnownFileType = sourcecode.cpp.h; path = right_triangle.hpp; sourceTree = "<group>"; };
		F0A8B2552AF4A88E00CC9284 /* isosceles_triangle.cpp */ = {isa = PBXFileReference; lastKnownFileType = sourcecode.cpp.cpp; path = isosceles_triangle.cpp; sourceTree = "<group>"; };
		F0A8B2562AF4A88E00CC9284 /* isosceles_triangle.hpp */ = {isa = PBXFileReference; lastKnownFileType = sourcecode.cpp.h; path = isosceles_triangle.hpp; sourceTree = "<group>"; };
		F0A8B2582AF4A90400CC9284 /* equal_triangle.cpp */ = {isa = PBXFileReference; lastKnownFileType = sourcecode.cpp.cpp; path = equal_triangle.cpp; sourceTree = "<group>"; };
		F0A8B2592AF4A90400CC9284 /* equal_triangle.hpp */ = {isa = PBXFileReference; lastKnownFileType = sourcecode.cpp.h; path = equal_triangle.hpp; sourceTree = "<group>"; };
		F0A8B25B2AF7A07300CC9284 /* restangle.cpp */ = {isa = PBXFileReference; lastKnownFileType = sourcecode.cpp.cpp; path = restangle.cpp; sourceTree = "<group>"; };
		F0A8B25C2AF7A07300CC9284 /* restangle.hpp */ = {isa = PBXFileReference; lastKnownFileType = sourcecode.cpp.h; path = restangle.hpp; sourceTree = "<group>"; };
		F0A8B25E2AF7A19100CC9284 /* square.cpp */ = {isa = PBXFileReference; lastKnownFileType = sourcecode.cpp.cpp; path = square.cpp; sourceTree = "<group>"; };
		F0A8B25F2AF7A19100CC9284 /* square.hpp */ = {isa = PBXFileReference; lastKnownFileType = sourcecode.cpp.h; path = square.hpp; sourceTree = "<group>"; };
		F0A8B2612AF7A22400CC9284 /* parallelogram.cpp */ = {isa = PBXFileReference; lastKnownFileType = sourcecode.cpp.cpp; path = parallelogram.cpp; sourceTree = "<group>"; };
		F0A8B2622AF7A22400CC9284 /* parallelogram.hpp */ = {isa = PBXFileReference; lastKnownFileType = sourcecode.cpp.h; path = parallelogram.hpp; sourceTree = "<group>"; };
		F0A8B2642AF7A2A300CC9284 /* rhomb.cpp */ = {isa = PBXFileReference; lastKnownFileType = sourcecode.cpp.cpp; path = rhomb.cpp; sourceTree = "<group>"; };
		F0A8B2652AF7A2A300CC9284 /* rhomb.hpp */ = {isa = PBXFileReference; lastKnownFileType = sourcecode.cpp.h; path = rhomb.hpp; sourceTree = "<group>"; };
		F0A8B2672AF7A2F200CC9284 /* wrong_data.cpp */ = {isa = PBXFileReference; lastKnownFileType = sourcecode.cpp.cpp; path = wrong_data.cpp; sourceTree = "<group>"; };
		F0A8B2682AF7A2F200CC9284 /* wrong_data.hpp */ = {isa = PBXFileReference; lastKnownFileType = sourcecode.cpp.h; path = wrong_data.hpp; sourceTree = "<group>"; };
/* End PBXFileReference section */

/* Begin PBXFrameworksBuildPhase section */
		F0A8B23B2AF4A06200CC9284 /* Frameworks */ = {
			isa = PBXFrameworksBuildPhase;
			buildActionMask = 2147483647;
			files = (
			);
			runOnlyForDeploymentPostprocessing = 0;
		};
/* End PBXFrameworksBuildPhase section */

/* Begin PBXGroup section */
		F0A8B2352AF4A06200CC9284 = {
			isa = PBXGroup;
			children = (
				F0A8B2402AF4A06200CC9284 /* Task-8.2 */,
				F0A8B23F2AF4A06200CC9284 /* Products */,
			);
			sourceTree = "<group>";
		};
		F0A8B23F2AF4A06200CC9284 /* Products */ = {
			isa = PBXGroup;
			children = (
				F0A8B23E2AF4A06200CC9284 /* Task-8.2 */,
			);
			name = Products;
			sourceTree = "<group>";
		};
		F0A8B2402AF4A06200CC9284 /* Task-8.2 */ = {
			isa = PBXGroup;
			children = (
				F0A8B2412AF4A06200CC9284 /* main.cpp */,
				F0A8B24C2AF4A66C00CC9284 /* triangle.cpp */,
				F0A8B24D2AF4A66C00CC9284 /* triangle.hpp */,
				F0A8B2492AF4A50500CC9284 /* figure.cpp */,
				F0A8B24A2AF4A50500CC9284 /* figure.hpp */,
				F0A8B24F2AF4A74C00CC9284 /* quadrangl.cpp */,
				F0A8B2502AF4A74C00CC9284 /* quadrangl.hpp */,
				F0A8B2522AF4A83400CC9284 /* right_triangle.cpp */,
				F0A8B2532AF4A83400CC9284 /* right_triangle.hpp */,
				F0A8B2552AF4A88E00CC9284 /* isosceles_triangle.cpp */,
				F0A8B2562AF4A88E00CC9284 /* isosceles_triangle.hpp */,
				F0A8B2582AF4A90400CC9284 /* equal_triangle.cpp */,
				F0A8B2592AF4A90400CC9284 /* equal_triangle.hpp */,
				F0A8B25B2AF7A07300CC9284 /* restangle.cpp */,
				F0A8B25C2AF7A07300CC9284 /* restangle.hpp */,
				F0A8B25E2AF7A19100CC9284 /* square.cpp */,
				F0A8B25F2AF7A19100CC9284 /* square.hpp */,
				F0A8B2612AF7A22400CC9284 /* parallelogram.cpp */,
				F0A8B2622AF7A22400CC9284 /* parallelogram.hpp */,
				F0A8B2642AF7A2A300CC9284 /* rhomb.cpp */,
				F0A8B2652AF7A2A300CC9284 /* rhomb.hpp */,
				F0A8B2672AF7A2F200CC9284 /* wrong_data.cpp */,
				F0A8B2682AF7A2F200CC9284 /* wrong_data.hpp */,
			);
			path = "Task-8.2";
			sourceTree = "<group>";
		};
/* End PBXGroup section */

/* Begin PBXNativeTarget section */
		F0A8B23D2AF4A06200CC9284 /* Task-8.2 */ = {
			isa = PBXNativeTarget;
			buildConfigurationList = F0A8B2452AF4A06200CC9284 /* Build configuration list for PBXNativeTarget "Task-8.2" */;
			buildPhases = (
				F0A8B23A2AF4A06200CC9284 /* Sources */,
				F0A8B23B2AF4A06200CC9284 /* Frameworks */,
				F0A8B23C2AF4A06200CC9284 /* CopyFiles */,
			);
			buildRules = (
			);
			dependencies = (
			);
			name = "Task-8.2";
			productName = "Task-8.2";
			productReference = F0A8B23E2AF4A06200CC9284 /* Task-8.2 */;
			productType = "com.apple.product-type.tool";
		};
/* End PBXNativeTarget section */

/* Begin PBXProject section */
		F0A8B2362AF4A06200CC9284 /* Project object */ = {
			isa = PBXProject;
			attributes = {
				BuildIndependentTargetsInParallel = 1;
				LastUpgradeCheck = 1500;
				TargetAttributes = {
					F0A8B23D2AF4A06200CC9284 = {
						CreatedOnToolsVersion = 15.0.1;
					};
				};
			};
			buildConfigurationList = F0A8B2392AF4A06200CC9284 /* Build configuration list for PBXProject "Task-8.2" */;
			compatibilityVersion = "Xcode 14.0";
			developmentRegion = en;
			hasScannedForEncodings = 0;
			knownRegions = (
				en,
				Base,
			);
			mainGroup = F0A8B2352AF4A06200CC9284;
			productRefGroup = F0A8B23F2AF4A06200CC9284 /* Products */;
			projectDirPath = "";
			projectRoot = "";
			targets = (
				F0A8B23D2AF4A06200CC9284 /* Task-8.2 */,
			);
		};
/* End PBXProject section */

/* Begin PBXSourcesBuildPhase section */
		F0A8B23A2AF4A06200CC9284 /* Sources */ = {
			isa = PBXSourcesBuildPhase;
			buildActionMask = 2147483647;
			files = (
				F0A8B25A2AF4A90400CC9284 /* equal_triangle.cpp in Sources */,
				F0A8B2692AF7A2F200CC9284 /* wrong_data.cpp in Sources */,
				F0A8B2602AF7A19100CC9284 /* square.cpp in Sources */,
				F0A8B2422AF4A06200CC9284 /* main.cpp in Sources */,
				F0A8B2512AF4A74C00CC9284 /* quadrangl.cpp in Sources */,
				F0A8B25D2AF7A07300CC9284 /* restangle.cpp in Sources */,
				F0A8B2542AF4A83400CC9284 /* right_triangle.cpp in Sources */,
				F0A8B24E2AF4A66C00CC9284 /* triangle.cpp in Sources */,
				F0A8B2572AF4A88E00CC9284 /* isosceles_triangle.cpp in Sources */,
				F0A8B24B2AF4A50500CC9284 /* figure.cpp in Sources */,
				F0A8B2662AF7A2A300CC9284 /* rhomb.cpp in Sources */,
				F0A8B2632AF7A22400CC9284 /* parallelogram.cpp in Sources */,
			);
			runOnlyForDeploymentPostprocessing = 0;
		};
/* End PBXSourcesBuildPhase section */

/* Begin XCBuildConfiguration section */
		F0A8B2432AF4A06200CC9284 /* Debug */ = {
			isa = XCBuildConfiguration;
			buildSettings = {
				ALWAYS_SEARCH_USER_PATHS = NO;
				ASSETCATALOG_COMPILER_GENERATE_SWIFT_ASSET_SYMBOL_EXTENSIONS = YES;
				CLANG_ANALYZER_NONNULL = YES;
				CLANG_ANALYZER_NUMBER_OBJECT_CONVERSION = YES_AGGRESSIVE;
				CLANG_CXX_LANGUAGE_STANDARD = "gnu++20";
				CLANG_ENABLE_MODULES = YES;
				CLANG_ENABLE_OBJC_ARC = YES;
				CLANG_ENABLE_OBJC_WEAK = YES;
				CLANG_WARN_BLOCK_CAPTURE_AUTORELEASING = YES;
				CLANG_WARN_BOOL_CONVERSION = YES;
				CLANG_WARN_COMMA = YES;
				CLANG_WARN_CONSTANT_CONVERSION = YES;
				CLANG_WARN_DEPRECATED_OBJC_IMPLEMENTATIONS = YES;
				CLANG_WARN_DIRECT_OBJC_ISA_USAGE = YES_ERROR;
				CLANG_WARN_DOCUMENTATION_COMMENTS = YES;
				CLANG_WARN_EMPTY_BODY = YES;
				CLANG_WARN_ENUM_CONVERSION = YES;
				CLANG_WARN_INFINITE_RECURSION = YES;
				CLANG_WARN_INT_CONVERSION = YES;
				CLANG_WARN_NON_LITERAL_NULL_CONVERSION = YES;
				CLANG_WARN_OBJC_IMPLICIT_RETAIN_SELF = YES;
				CLANG_WARN_OBJC_LITERAL_CONVERSION = YES;
				CLANG_WARN_OBJC_ROOT_CLASS = YES_ERROR;
				CLANG_WARN_QUOTED_INCLUDE_IN_FRAMEWORK_HEADER = YES;
				CLANG_WARN_RANGE_LOOP_ANALYSIS = YES;
				CLANG_WARN_STRICT_PROTOTYPES = YES;
				CLANG_WARN_SUSPICIOUS_MOVE = YES;
				CLANG_WARN_UNGUARDED_AVAILABILITY = YES_AGGRESSIVE;
				CLANG_WARN_UNREACHABLE_CODE = YES;
				CLANG_WARN__DUPLICATE_METHOD_MATCH = YES;
				COPY_PHASE_STRIP = NO;
				DEBUG_INFORMATION_FORMAT = dwarf;
				ENABLE_STRICT_OBJC_MSGSEND = YES;
				ENABLE_TESTABILITY = YES;
				ENABLE_USER_SCRIPT_SANDBOXING = YES;
				GCC_C_LANGUAGE_STANDARD = gnu17;
				GCC_DYNAMIC_NO_PIC = NO;
				GCC_NO_COMMON_BLOCKS = YES;
				GCC_OPTIMIZATION_LEVEL = 0;
				GCC_PREPROCESSOR_DEFINITIONS = (
					"DEBUG=1",
					"$(inherited)",
				);
				GCC_WARN_64_TO_32_BIT_CONVERSION = YES;
				GCC_WARN_ABOUT_RETURN_TYPE = YES_ERROR;
				GCC_WARN_UNDECLARED_SELECTOR = YES;
				GCC_WARN_UNINITIALIZED_AUTOS = YES_AGGRESSIVE;
				GCC_WARN_UNUSED_FUNCTION = YES;
				GCC_WARN_UNUSED_VARIABLE = YES;
				LOCALIZATION_PREFERS_STRING_CATALOGS = YES;
				MACOSX_DEPLOYMENT_TARGET = 14.0;
				MTL_ENABLE_DEBUG_INFO = INCLUDE_SOURCE;
				MTL_FAST_MATH = YES;
				ONLY_ACTIVE_ARCH = YES;
				SDKROOT = macosx;
			};
			name = Debug;
		};
		F0A8B2442AF4A06200CC9284 /* Release */ = {
			isa = XCBuildConfiguration;
			buildSettings = {
				ALWAYS_SEARCH_USER_PATHS = NO;
				ASSETCATALOG_COMPILER_GENERATE_SWIFT_ASSET_SYMBOL_EXTENSIONS = YES;
				CLANG_ANALYZER_NONNULL = YES;
				CLANG_ANALYZER_NUMBER_OBJECT_CONVERSION = YES_AGGRESSIVE;
				CLANG_CXX_LANGUAGE_STANDARD = "gnu++20";
				CLANG_ENABLE_MODULES = YES;
				CLANG_ENABLE_OBJC_ARC = YES;
				CLANG_ENABLE_OBJC_WEAK = YES;
				CLANG_WARN_BLOCK_CAPTURE_AUTORELEASING = YES;
				CLANG_WARN_BOOL_CONVERSION = YES;
				CLANG_WARN_COMMA = YES;
				CLANG_WARN_CONSTANT_CONVERSION = YES;
				CLANG_WARN_DEPRECATED_OBJC_IMPLEMENTATIONS = YES;
				CLANG_WARN_DIRECT_OBJC_ISA_USAGE = YES_ERROR;
				CLANG_WARN_DOCUMENTATION_COMMENTS = YES;
				CLANG_WARN_EMPTY_BODY = YES;
				CLANG_WARN_ENUM_CONVERSION = YES;
				CLANG_WARN_INFINITE_RECURSION = YES;
				CLANG_WARN_INT_CONVERSION = YES;
				CLANG_WARN_NON_LITERAL_NULL_CONVERSION = YES;
				CLANG_WARN_OBJC_IMPLICIT_RETAIN_SELF = YES;
				CLANG_WARN_OBJC_LITERAL_CONVERSION = YES;
				CLANG_WARN_OBJC_ROOT_CLASS = YES_ERROR;
				CLANG_WARN_QUOTED_INCLUDE_IN_FRAMEWORK_HEADER = YES;
				CLANG_WARN_RANGE_LOOP_ANALYSIS = YES;
				CLANG_WARN_STRICT_PROTOTYPES = YES;
				CLANG_WARN_SUSPICIOUS_MOVE = YES;
				CLANG_WARN_UNGUARDED_AVAILABILITY = YES_AGGRESSIVE;
				CLANG_WARN_UNREACHABLE_CODE = YES;
				CLANG_WARN__DUPLICATE_METHOD_MATCH = YES;
				COPY_PHASE_STRIP = NO;
				DEBUG_INFORMATION_FORMAT = "dwarf-with-dsym";
				ENABLE_NS_ASSERTIONS = NO;
				ENABLE_STRICT_OBJC_MSGSEND = YES;
				ENABLE_USER_SCRIPT_SANDBOXING = YES;
				GCC_C_LANGUAGE_STANDARD = gnu17;
				GCC_NO_COMMON_BLOCKS = YES;
				GCC_WARN_64_TO_32_BIT_CONVERSION = YES;
				GCC_WARN_ABOUT_RETURN_TYPE = YES_ERROR;
				GCC_WARN_UNDECLARED_SELECTOR = YES;
				GCC_WARN_UNINITIALIZED_AUTOS = YES_AGGRESSIVE;
				GCC_WARN_UNUSED_FUNCTION = YES;
				GCC_WARN_UNUSED_VARIABLE = YES;
				LOCALIZATION_PREFERS_STRING_CATALOGS = YES;
				MACOSX_DEPLOYMENT_TARGET = 14.0;
				MTL_ENABLE_DEBUG_INFO = NO;
				MTL_FAST_MATH = YES;
				SDKROOT = macosx;
			};
			name = Release;
		};
		F0A8B2462AF4A06200CC9284 /* Debug */ = {
			isa = XCBuildConfiguration;
			buildSettings = {
				CODE_SIGN_STYLE = Automatic;
				PRODUCT_NAME = "$(TARGET_NAME)";
			};
			name = Debug;
		};
		F0A8B2472AF4A06200CC9284 /* Release */ = {
			isa = XCBuildConfiguration;
			buildSettings = {
				CODE_SIGN_STYLE = Automatic;
				PRODUCT_NAME = "$(TARGET_NAME)";
			};
			name = Release;
		};
/* End XCBuildConfiguration section */

/* Begin XCConfigurationList section */
		F0A8B2392AF4A06200CC9284 /* Build configuration list for PBXProject "Task-8.2" */ = {
			isa = XCConfigurationList;
			buildConfigurations = (
				F0A8B2432AF4A06200CC9284 /* Debug */,
				F0A8B2442AF4A06200CC9284 /* Release */,
			);
			defaultConfigurationIsVisible = 0;
			defaultConfigurationName = Release;
		};
		F0A8B2452AF4A06200CC9284 /* Build configuration list for PBXNativeTarget "Task-8.2" */ = {
			isa = XCConfigurationList;
			buildConfigurations = (
				F0A8B2462AF4A06200CC9284 /* Debug */,
				F0A8B2472AF4A06200CC9284 /* Release */,
			);
			defaultConfigurationIsVisible = 0;
			defaultConfigurationName = Release;
		};
/* End XCConfigurationList section */
	};
	rootObject = F0A8B2362AF4A06200CC9284 /* Project object */;
}
